
Microsoft Visual Studio Solution File, Format Version 12.00
# Visual Studio Version 16
VisualStudioVersion = 16.0.31702.278
MinimumVisualStudioVersion = 10.0.40219.1
Project("{888888A0-9F3D-457C-B088-3A5042F75D52}") = "Python_Essentials_Chapter3", "Python_Essentials_Chapter3\Python_Essentials_Chapter3.pyproj", "{DF8F27BB-811F-4688-9F04-C053A3CC7C87}"
EndProject
Global
	GlobalSection(SolutionConfigurationPlatforms) = preSolution
		Debug|Any CPU = Debug|Any CPU
		Release|Any CPU = Release|Any CPU
	EndGlobalSection
	GlobalSection(ProjectConfigurationPlatforms) = postSolution
		{DF8F27BB-811F-4688-9F04-C053A3CC7C87}.Debug|Any CPU.ActiveCfg = Debug|Any CPU
		{DF8F27BB-811F-4688-9F04-C053A3CC7C87}.Release|Any CPU.ActiveCfg = Release|Any CPU
	EndGlobalSection
	GlobalSection(SolutionProperties) = preSolution
		HideSolutionNode = FALSE
	EndGlobalSection
	GlobalSection(ExtensibilityGlobals) = postSolution
		SolutionGuid = {90C74145-AB5D-48B4-9500-8D19F5B004BD}
	EndGlobalSection
EndGlobal
